
Microsoft Visual Studio Solution File, Format Version 12.00
# Visual Studio Version 17
VisualStudioVersion = 17.8.34511.84
MinimumVisualStudioVersion = 10.0.40219.1
Project("{FAE04EC0-301F-11D3-BF4B-00C04F79EFBC}") = "OrderApi", "OrderApi\OrderApi.csproj", "{B21FA2FA-4D83-47DC-9D8E-4C9FEA31117F}"
EndProject
Global
	GlobalSection(SolutionConfigurationPlatforms) = preSolution
		Debug|Any CPU = Debug|Any CPU
		Release|Any CPU = Release|Any CPU
	EndGlobalSection
	GlobalSection(ProjectConfigurationPlatforms) = postSolution
		{B21FA2FA-4D83-47DC-9D8E-4C9FEA31117F}.Debug|Any CPU.ActiveCfg = Debug|Any CPU
		{B21FA2FA-4D83-47DC-9D8E-4C9FEA31117F}.Debug|Any CPU.Build.0 = Debug|Any CPU
		{B21FA2FA-4D83-47DC-9D8E-4C9FEA31117F}.Release|Any CPU.ActiveCfg = Release|Any CPU
		{B21FA2FA-4D83-47DC-9D8E-4C9FEA31117F}.Release|Any CPU.Build.0 = Release|Any CPU
	EndGlobalSection
	GlobalSection(SolutionProperties) = preSolution
		HideSolutionNode = FALSE
	EndGlobalSection
	GlobalSection(ExtensibilityGlobals) = postSolution
		SolutionGuid = {B984DDC2-D0DA-4C9E-8C8B-F04580AAE923}
	EndGlobalSection
EndGlobal
